
Microsoft Visual Studio Solution File, Format Version 12.00
# Visual Studio Version 17
VisualStudioVersion = 17.13.35825.156
MinimumVisualStudioVersion = 10.0.40219.1
Project("{FAE04EC0-301F-11D3-BF4B-00C04F79EFBC}") = "EOMS2", "EOMS2\EOMS2.csproj", "{FA189A16-9381-44D4-BD9D-D84966C188A3}"
EndProject
Global
	GlobalSection(SolutionConfigurationPlatforms) = preSolution
		Debug|Any CPU = Debug|Any CPU
		Release|Any CPU = Release|Any CPU
	EndGlobalSection
	GlobalSection(ProjectConfigurationPlatforms) = postSolution
		{FA189A16-9381-44D4-BD9D-D84966C188A3}.Debug|Any CPU.ActiveCfg = Debug|Any CPU
		{FA189A16-9381-44D4-BD9D-D84966C188A3}.Debug|Any CPU.Build.0 = Debug|Any CPU
		{FA189A16-9381-44D4-BD9D-D84966C188A3}.Release|Any CPU.ActiveCfg = Release|Any CPU
		{FA189A16-9381-44D4-BD9D-D84966C188A3}.Release|Any CPU.Build.0 = Release|Any CPU
		{FA189A16-9381-44D4-BD9D-D84966C188A3}.Release|Any CPU.Deploy.0 = Release|Any CPU
	EndGlobalSection
	GlobalSection(SolutionProperties) = preSolution
		HideSolutionNode = FALSE
	EndGlobalSection
	GlobalSection(ExtensibilityGlobals) = postSolution
		SolutionGuid = {B2E9AA20-E500-41BC-8781-2A95E301F398}
	EndGlobalSection
EndGlobal
